
Microsoft Visual Studio Solution File, Format Version 12.00
# Visual Studio 2012
Project("{FAE04EC0-301F-11D3-BF4B-00C04F79EFBC}") = "TIPS.Pricing.UI", "TIPS.Pricing.UI\TIPS.Pricing.UI.csproj", "{7667C53B-C44B-4442-87FF-1C19B4B562F9}"
EndProject
Project("{2150E333-8FDC-42A3-9474-1A3956D46DE8}") = ".nuget", ".nuget", "{0283FBEE-D0D1-4974-B4B9-E3427C00CE3B}"
	ProjectSection(SolutionItems) = preProject
		..\..\..\Users\jdentler\Desktop\nhibernate-mapping.xsd = ..\..\..\Users\jdentler\Desktop\nhibernate-mapping.xsd
		.nuget\NuGet.Config = .nuget\NuGet.Config
		.nuget\NuGet.exe = .nuget\NuGet.exe
		.nuget\NuGet.targets = .nuget\NuGet.targets
	EndProjectSection
EndProject
Project("{FAE04EC0-301F-11D3-BF4B-00C04F79EFBC}") = "TIPS.Pricing", "TIPS.Pricing\TIPS.Pricing.csproj", "{DBC814FD-A734-4184-8FAD-13949ADFF657}"
EndProject
Project("{FAE04EC0-301F-11D3-BF4B-00C04F79EFBC}") = "TIPS.Pricing.UI.Wireup", "TIPS.Pricing.UI.Wireup\TIPS.Pricing.UI.Wireup.csproj", "{8C793CA4-D85D-41B3-86A4-814A67879950}"
EndProject
Project("{2150E333-8FDC-42A3-9474-1A3956D46DE8}") = ".nhibernate", ".nhibernate", "{7AD474EC-5DD4-4244-80A9-E785D5BBDBF0}"
	ProjectSection(SolutionItems) = preProject
		..\..\..\Users\jdentler\Desktop\nhibernate-mapping.xsd = ..\..\..\Users\jdentler\Desktop\nhibernate-mapping.xsd
	EndProjectSection
EndProject
Project("{FAE04EC0-301F-11D3-BF4B-00C04F79EFBC}") = "StoredProcAdapter", "StoredProcAdapter\StoredProcAdapter.csproj", "{9E0F2261-1B26-4814-97AC-ACC9F2B634BB}"
EndProject
Global
	GlobalSection(SolutionConfigurationPlatforms) = preSolution
		Debug|Any CPU = Debug|Any CPU
		Release|Any CPU = Release|Any CPU
	EndGlobalSection
	GlobalSection(ProjectConfigurationPlatforms) = postSolution
		{7667C53B-C44B-4442-87FF-1C19B4B562F9}.Debug|Any CPU.ActiveCfg = Debug|Any CPU
		{7667C53B-C44B-4442-87FF-1C19B4B562F9}.Debug|Any CPU.Build.0 = Debug|Any CPU
		{7667C53B-C44B-4442-87FF-1C19B4B562F9}.Release|Any CPU.ActiveCfg = Release|Any CPU
		{7667C53B-C44B-4442-87FF-1C19B4B562F9}.Release|Any CPU.Build.0 = Release|Any CPU
		{DBC814FD-A734-4184-8FAD-13949ADFF657}.Debug|Any CPU.ActiveCfg = Debug|Any CPU
		{DBC814FD-A734-4184-8FAD-13949ADFF657}.Debug|Any CPU.Build.0 = Debug|Any CPU
		{DBC814FD-A734-4184-8FAD-13949ADFF657}.Release|Any CPU.ActiveCfg = Release|Any CPU
		{DBC814FD-A734-4184-8FAD-13949ADFF657}.Release|Any CPU.Build.0 = Release|Any CPU
		{8C793CA4-D85D-41B3-86A4-814A67879950}.Debug|Any CPU.ActiveCfg = Debug|Any CPU
		{8C793CA4-D85D-41B3-86A4-814A67879950}.Debug|Any CPU.Build.0 = Debug|Any CPU
		{8C793CA4-D85D-41B3-86A4-814A67879950}.Release|Any CPU.ActiveCfg = Release|Any CPU
		{8C793CA4-D85D-41B3-86A4-814A67879950}.Release|Any CPU.Build.0 = Release|Any CPU
		{9E0F2261-1B26-4814-97AC-ACC9F2B634BB}.Debug|Any CPU.ActiveCfg = Debug|Any CPU
		{9E0F2261-1B26-4814-97AC-ACC9F2B634BB}.Debug|Any CPU.Build.0 = Debug|Any CPU
		{9E0F2261-1B26-4814-97AC-ACC9F2B634BB}.Release|Any CPU.ActiveCfg = Release|Any CPU
		{9E0F2261-1B26-4814-97AC-ACC9F2B634BB}.Release|Any CPU.Build.0 = Release|Any CPU
	EndGlobalSection
	GlobalSection(SolutionProperties) = preSolution
		HideSolutionNode = FALSE
	EndGlobalSection
EndGlobal
